
Microsoft Visual Studio Solution File, Format Version 12.00
# Visual Studio Version 16
VisualStudioVersion = 16.0.29306.81
MinimumVisualStudioVersion = 10.0.40219.1
Project("{FAE04EC0-301F-11D3-BF4B-00C04F79EFBC}") = "PickemPrediction", "PickemPrediction.csproj", "{92A4A168-A7BC-4FC6-920C-BACEF9DFB370}"
EndProject
Global
	GlobalSection(SolutionConfigurationPlatforms) = preSolution
		Debug|Any CPU = Debug|Any CPU
		Release|Any CPU = Release|Any CPU
	EndGlobalSection
	GlobalSection(ProjectConfigurationPlatforms) = postSolution
		{92A4A168-A7BC-4FC6-920C-BACEF9DFB370}.Debug|Any CPU.ActiveCfg = Debug|Any CPU
		{92A4A168-A7BC-4FC6-920C-BACEF9DFB370}.Debug|Any CPU.Build.0 = Debug|Any CPU
		{92A4A168-A7BC-4FC6-920C-BACEF9DFB370}.Release|Any CPU.ActiveCfg = Release|Any CPU
		{92A4A168-A7BC-4FC6-920C-BACEF9DFB370}.Release|Any CPU.Build.0 = Release|Any CPU
	EndGlobalSection
	GlobalSection(SolutionProperties) = preSolution
		HideSolutionNode = FALSE
	EndGlobalSection
	GlobalSection(ExtensibilityGlobals) = postSolution
		SolutionGuid = {59902478-A4A0-4CF9-B191-F9CE389E74BF}
	EndGlobalSection
EndGlobal
